
Microsoft Visual Studio Solution File, Format Version 12.00
# Visual Studio 15
VisualStudioVersion = 15.0.28307.539
MinimumVisualStudioVersion = 10.0.40219.1
Project("{2150E333-8FDC-42A3-9474-1A3956D46DE8}") = "Solution Items", "Solution Items", "{D2008624-EC6E-4460-BE93-651F48412D02}"
	ProjectSection(SolutionItems) = preProject
		Readme.md = Readme.md
	EndProjectSection
EndProject
Project("{9A19103F-16F7-4668-BE54-9A1E7A4F7556}") = "QuartzConsole", "QuartzConsole\QuartzConsole.csproj", "{677E4616-C23C-410E-8EA7-5B7AEE886E89}"
EndProject
Project("{9A19103F-16F7-4668-BE54-9A1E7A4F7556}") = "InvoiceProcessingService", "InvoiceProcessingService\InvoiceProcessingService.csproj", "{EBFF9E5E-F26A-490E-A29A-7CA1E0B54333}"
EndProject
Global
	GlobalSection(SolutionConfigurationPlatforms) = preSolution
		Debug|Any CPU = Debug|Any CPU
		Release|Any CPU = Release|Any CPU
	EndGlobalSection
	GlobalSection(ProjectConfigurationPlatforms) = postSolution
		{677E4616-C23C-410E-8EA7-5B7AEE886E89}.Debug|Any CPU.ActiveCfg = Debug|Any CPU
		{677E4616-C23C-410E-8EA7-5B7AEE886E89}.Debug|Any CPU.Build.0 = Debug|Any CPU
		{677E4616-C23C-410E-8EA7-5B7AEE886E89}.Release|Any CPU.ActiveCfg = Release|Any CPU
		{677E4616-C23C-410E-8EA7-5B7AEE886E89}.Release|Any CPU.Build.0 = Release|Any CPU
		{EBFF9E5E-F26A-490E-A29A-7CA1E0B54333}.Debug|Any CPU.ActiveCfg = Debug|Any CPU
		{EBFF9E5E-F26A-490E-A29A-7CA1E0B54333}.Debug|Any CPU.Build.0 = Debug|Any CPU
		{EBFF9E5E-F26A-490E-A29A-7CA1E0B54333}.Release|Any CPU.ActiveCfg = Release|Any CPU
		{EBFF9E5E-F26A-490E-A29A-7CA1E0B54333}.Release|Any CPU.Build.0 = Release|Any CPU
	EndGlobalSection
	GlobalSection(SolutionProperties) = preSolution
		HideSolutionNode = FALSE
	EndGlobalSection
	GlobalSection(ExtensibilityGlobals) = postSolution
		SolutionGuid = {366705A0-8048-4B71-B683-DB6EA8A339C1}
	EndGlobalSection
EndGlobal
