
Microsoft Visual Studio Solution File, Format Version 12.00
# Visual Studio 15
VisualStudioVersion = 15.0.28307.539
MinimumVisualStudioVersion = 10.0.40219.1
Project("{2150E333-8FDC-42A3-9474-1A3956D46DE8}") = "Solution Items", "Solution Items", "{D2008624-EC6E-4460-BE93-651F48412D02}"
	ProjectSection(SolutionItems) = preProject
		Readme.md = Readme.md
	EndProjectSection
EndProject
Project("{9A19103F-16F7-4668-BE54-9A1E7A4F7556}") = "ProcessInvoiceService", "ProcessInvoiceService\ProcessInvoiceService.csproj", "{5BC80FAC-C96C-495D-B77E-C8EB9E54A59A}"
EndProject
Project("{9A19103F-16F7-4668-BE54-9A1E7A4F7556}") = "QuartzConsole", "QuartzConsole\QuartzConsole.csproj", "{677E4616-C23C-410E-8EA7-5B7AEE886E89}"
EndProject
Project("{FAE04EC0-301F-11D3-BF4B-00C04F79EFBC}") = "InvoiceProcessingService", "SomeService\InvoiceProcessingService.csproj", "{E85F201A-888C-4BAB-BDA8-2C62A7C0B6B2}"
EndProject
Global
	GlobalSection(SolutionConfigurationPlatforms) = preSolution
		Debug|Any CPU = Debug|Any CPU
		Release|Any CPU = Release|Any CPU
	EndGlobalSection
	GlobalSection(ProjectConfigurationPlatforms) = postSolution
		{5BC80FAC-C96C-495D-B77E-C8EB9E54A59A}.Debug|Any CPU.ActiveCfg = Debug|Any CPU
		{5BC80FAC-C96C-495D-B77E-C8EB9E54A59A}.Debug|Any CPU.Build.0 = Debug|Any CPU
		{5BC80FAC-C96C-495D-B77E-C8EB9E54A59A}.Release|Any CPU.ActiveCfg = Release|Any CPU
		{5BC80FAC-C96C-495D-B77E-C8EB9E54A59A}.Release|Any CPU.Build.0 = Release|Any CPU
		{677E4616-C23C-410E-8EA7-5B7AEE886E89}.Debug|Any CPU.ActiveCfg = Debug|Any CPU
		{677E4616-C23C-410E-8EA7-5B7AEE886E89}.Debug|Any CPU.Build.0 = Debug|Any CPU
		{677E4616-C23C-410E-8EA7-5B7AEE886E89}.Release|Any CPU.ActiveCfg = Release|Any CPU
		{677E4616-C23C-410E-8EA7-5B7AEE886E89}.Release|Any CPU.Build.0 = Release|Any CPU
		{E85F201A-888C-4BAB-BDA8-2C62A7C0B6B2}.Debug|Any CPU.ActiveCfg = Debug|Any CPU
		{E85F201A-888C-4BAB-BDA8-2C62A7C0B6B2}.Debug|Any CPU.Build.0 = Debug|Any CPU
		{E85F201A-888C-4BAB-BDA8-2C62A7C0B6B2}.Release|Any CPU.ActiveCfg = Release|Any CPU
		{E85F201A-888C-4BAB-BDA8-2C62A7C0B6B2}.Release|Any CPU.Build.0 = Release|Any CPU
	EndGlobalSection
	GlobalSection(SolutionProperties) = preSolution
		HideSolutionNode = FALSE
	EndGlobalSection
	GlobalSection(ExtensibilityGlobals) = postSolution
		SolutionGuid = {366705A0-8048-4B71-B683-DB6EA8A339C1}
	EndGlobalSection
EndGlobal
